
Microsoft Visual Studio Solution File, Format Version 12.00
# Visual Studio Version 17
VisualStudioVersion = 17.3.32929.385
MinimumVisualStudioVersion = 10.0.40219.1
Project("{9A19103F-16F7-4668-BE54-9A1E7A4F7556}") = "JobsityChatApi", "JobsityChatApi\JobsityChatApi.csproj", "{F6224E59-B046-4B8E-99DB-C61E12260D44}"
EndProject
Project("{FAE04EC0-301F-11D3-BF4B-00C04F79EFBC}") = "JobsityApi", "JobsityApi\JobsityApi.csproj", "{D155EC86-06E8-4937-B052-37504B272514}"
EndProject
Global
	GlobalSection(SolutionConfigurationPlatforms) = preSolution
		Debug|Any CPU = Debug|Any CPU
		Release|Any CPU = Release|Any CPU
	EndGlobalSection
	GlobalSection(ProjectConfigurationPlatforms) = postSolution
		{F6224E59-B046-4B8E-99DB-C61E12260D44}.Debug|Any CPU.ActiveCfg = Debug|Any CPU
		{F6224E59-B046-4B8E-99DB-C61E12260D44}.Debug|Any CPU.Build.0 = Debug|Any CPU
		{F6224E59-B046-4B8E-99DB-C61E12260D44}.Release|Any CPU.ActiveCfg = Release|Any CPU
		{F6224E59-B046-4B8E-99DB-C61E12260D44}.Release|Any CPU.Build.0 = Release|Any CPU
		{D155EC86-06E8-4937-B052-37504B272514}.Debug|Any CPU.ActiveCfg = Debug|Any CPU
		{D155EC86-06E8-4937-B052-37504B272514}.Debug|Any CPU.Build.0 = Debug|Any CPU
		{D155EC86-06E8-4937-B052-37504B272514}.Release|Any CPU.ActiveCfg = Release|Any CPU
		{D155EC86-06E8-4937-B052-37504B272514}.Release|Any CPU.Build.0 = Release|Any CPU
	EndGlobalSection
	GlobalSection(SolutionProperties) = preSolution
		HideSolutionNode = FALSE
	EndGlobalSection
	GlobalSection(ExtensibilityGlobals) = postSolution
		SolutionGuid = {27115C43-966F-42AA-9C62-1D1C784E2967}
	EndGlobalSection
EndGlobal
